
Microsoft Visual Studio Solution File, Format Version 12.00
Project("{2150E333-8FDC-42A3-9474-1A3956D46DE8}") = "src", "src", "{C00AF230-3A22-4E4C-8510-757666FCA094}"
EndProject
Project("{2150E333-8FDC-42A3-9474-1A3956D46DE8}") = "tests", "tests", "{D3366B6D-394F-4AA5-B88C-9EC091B3D238}"
EndProject
Project("{FAE04EC0-301F-11D3-BF4B-00C04F79EFBC}") = "PicCard.Notification.Api", "src\PicCard.Notification.Api\PicCard.Notification.Api.csproj", "{733F918E-7EC5-4480-9182-61013C10B304}"
EndProject
Global
	GlobalSection(SolutionConfigurationPlatforms) = preSolution
		Debug|Any CPU = Debug|Any CPU
		Release|Any CPU = Release|Any CPU
	EndGlobalSection
	GlobalSection(NestedProjects) = preSolution
		{733F918E-7EC5-4480-9182-61013C10B304} = {C00AF230-3A22-4E4C-8510-757666FCA094}
	EndGlobalSection
	GlobalSection(ProjectConfigurationPlatforms) = postSolution
		{733F918E-7EC5-4480-9182-61013C10B304}.Debug|Any CPU.ActiveCfg = Debug|Any CPU
		{733F918E-7EC5-4480-9182-61013C10B304}.Debug|Any CPU.Build.0 = Debug|Any CPU
		{733F918E-7EC5-4480-9182-61013C10B304}.Release|Any CPU.ActiveCfg = Release|Any CPU
		{733F918E-7EC5-4480-9182-61013C10B304}.Release|Any CPU.Build.0 = Release|Any CPU
	EndGlobalSection
EndGlobal
